
Microsoft Visual Studio Solution File, Format Version 12.00
# Visual Studio Version 17
VisualStudioVersion = 17.9.34728.123
MinimumVisualStudioVersion = 10.0.40219.1
Project("{9A19103F-16F7-4668-BE54-9A1E7A4F7556}") = "TiendaServicios.Api.Autor", "TiendaServicios.Api.Autor\TiendaServicios.Api.Autor.csproj", "{595353C5-93B9-4F76-A470-D8714262DFF3}"
EndProject
Project("{FAE04EC0-301F-11D3-BF4B-00C04F79EFBC}") = "TiendaServicios.Api.Book", "TiendaServicios.Api.Book\TiendaServicios.Api.Book.csproj", "{BA110577-CC74-4F31-AC5C-7418E6FB495F}"
EndProject
Global
	GlobalSection(SolutionConfigurationPlatforms) = preSolution
		Debug|Any CPU = Debug|Any CPU
		Release|Any CPU = Release|Any CPU
	EndGlobalSection
	GlobalSection(ProjectConfigurationPlatforms) = postSolution
		{595353C5-93B9-4F76-A470-D8714262DFF3}.Debug|Any CPU.ActiveCfg = Debug|Any CPU
		{595353C5-93B9-4F76-A470-D8714262DFF3}.Debug|Any CPU.Build.0 = Debug|Any CPU
		{595353C5-93B9-4F76-A470-D8714262DFF3}.Release|Any CPU.ActiveCfg = Release|Any CPU
		{595353C5-93B9-4F76-A470-D8714262DFF3}.Release|Any CPU.Build.0 = Release|Any CPU
		{BA110577-CC74-4F31-AC5C-7418E6FB495F}.Debug|Any CPU.ActiveCfg = Debug|Any CPU
		{BA110577-CC74-4F31-AC5C-7418E6FB495F}.Debug|Any CPU.Build.0 = Debug|Any CPU
		{BA110577-CC74-4F31-AC5C-7418E6FB495F}.Release|Any CPU.ActiveCfg = Release|Any CPU
		{BA110577-CC74-4F31-AC5C-7418E6FB495F}.Release|Any CPU.Build.0 = Release|Any CPU
	EndGlobalSection
	GlobalSection(SolutionProperties) = preSolution
		HideSolutionNode = FALSE
	EndGlobalSection
	GlobalSection(ExtensibilityGlobals) = postSolution
		SolutionGuid = {6268C884-3D9A-4EEA-9065-23683182A90A}
	EndGlobalSection
EndGlobal
